# This file is automatically @generated by Cargo.
# It is not intended for manual editing.
version = 3

[[package]]
name = "add_strings"
version = "0.1.0"

[[package]]
name = "ambiguous_coordinates"
version = "0.1.0"

[[package]]
name = "binary_tree_level_order_traveral"
version = "0.1.0"

[[package]]
name = "binary_tree_postorder_traversal"
version = "0.1.0"

[[package]]
name = "construct_binary_tree_from_preorder_and_inorder_traversal"
version = "0.1.0"

[[package]]
name = "construct_target_array_with_multiple_sums"
version = "0.1.0"

[[package]]
name = "convert_sorted_list_to_binary_search_tree"
version = "0.1.0"

[[package]]
name = "count_primes"
version = "0.1.0"

[[package]]
name = "course_schedule_iii"
version = "0.1.0"

[[package]]
name = "delete_operation_for_two_strings"
version = "0.1.0"

[[package]]
name = "edit_distance"
version = "0.1.0"

[[package]]
name = "evaluate_reverse_polish_notation"
version = "0.1.0"

[[package]]
name = "find_and_replace_pattern"
version = "0.1.0"

[[package]]
name = "find_duplicate_file_in_system"
version = "0.1.0"

[[package]]
name = "flatten_binary_tree_to_linked_list"
version = "0.1.0"

[[package]]
name = "generate_parentheses"
version = "0.1.0"

[[package]]
name = "implement_queue_using_stacks"
version = "0.1.0"

[[package]]
name = "interleaving-string"
version = "0.1.0"

[[package]]
name = "intersection_of_two_arrays"
version = "0.1.0"

[[package]]
name = "jump_game_ii"
version = "0.1.0"

[[package]]
name = "jump_game_vi"
version = "0.1.0"

[[package]]
name = "kth_largest"
version = "0.1.0"

[[package]]
name = "longest_consecutive_sequence"
version = "0.1.0"

[[package]]
name = "longest_palindromic_substring"
version = "0.1.0"

[[package]]
name = "matchsticks_to_square"
version = "0.1.0"

[[package]]
name = "max_area_of_island"
version = "0.1.0"

[[package]]
name = "maximum_area_of_a_piece_of_cake_after_horizontal_and_vertical_cuts"
version = "0.1.0"

[[package]]
name = "maximum_erasure_value"
version = "0.1.0"

[[package]]
name = "maximum_gap"
version = "0.1.0"

[[package]]
name = "maximum_performance_of_a_team"
version = "0.1.0"

[[package]]
name = "maximum_points_you_can_obtain_from_cards"
version = "0.1.0"

[[package]]
name = "maximum_product_of_word_lengths"
version = "0.1.0"

[[package]]
name = "merge_sorted_array"
version = "0.1.0"

[[package]]
name = "min_cost_climbing_stairs"
version = "0.1.0"

[[package]]
name = "minimum_moves_to_equal_elements_ii"
version = "0.1.0"

[[package]]
name = "minumum_number_of_refueling_stops"
version = "0.1.0"

[[package]]
name = "my_calendar_i"
version = "0.1.0"

[[package]]
name = "n_ary_tree_level_order_traversal"
version = "0.1.0"

[[package]]
name = "non_decreasing_array"
version = "0.1.0"

[[package]]
name = "number_of_subarrays_with_bounded_maximum"
version = "0.1.0"

[[package]]
name = "open_the_lock"
version = "0.1.0"

[[package]]
name = "palindrome_pairs"
version = "0.1.0"

[[package]]
name = "partitioning_into_minimum_number_of_deci_binary_numbers"
version = "0.1.0"

[[package]]
name = "prefix_and_suffix_search"
version = "0.1.0"

[[package]]
name = "range_sum_query_2d"
version = "0.1.0"

[[package]]
name = "range_sum_query_mutable"
version = "0.1.0"

[[package]]
name = "reverse_integer"
version = "0.1.0"

[[package]]
name = "reverse_words_in_a_string_iii"
version = "0.1.0"

[[package]]
name = "running_sum_of_1d_array"
version = "0.1.0"

[[package]]
name = "search_suggestions_system"
version = "0.1.0"

[[package]]
name = "stone_game_vii"
version = "0.1.0"

[[package]]
name = "three_sum"
version = "0.1.0"

[[package]]
name = "to_lower_case"
version = "0.1.0"

[[package]]
name = "two_sum"
version = "0.1.0"
