# This file is automatically @generated by Cargo.
# It is not intended for manual editing.
[[package]]
name = "binary_tree_postorder_traversal"
version = "0.1.0"

[[package]]
name = "edit_distance"
version = "0.1.0"

[[package]]
name = "implement_queue_using_stacks"
version = "0.1.0"

[[package]]
name = "intersection_of_two_arrays"
version = "0.1.0"

[[package]]
name = "kth_largest"
version = "0.1.0"

[[package]]
name = "longest_palindromic_substring"
version = "0.1.0"

[[package]]
name = "merge_sorted_array"
version = "0.1.0"

[[package]]
name = "reverse_integer"
version = "0.1.0"

[[package]]
name = "reverse_words_in_a_string_iii"
version = "0.1.0"

[[package]]
name = "three_sum"
version = "0.1.0"

[[package]]
name = "two_sum"
version = "0.1.0"

