# This file is automatically @generated by Cargo.
# It is not intended for manual editing.
[[package]]
name = "binary_tree_postorder_traversal"
version = "0.1.0"

[[package]]
name = "construct_target_array_with_multiple_sums"
version = "0.1.0"

[[package]]
name = "convert_sorted_list_to_binary_search_tree"
version = "0.1.0"

[[package]]
name = "course_schedule_iii"
version = "0.1.0"

[[package]]
name = "delete_operation_for_two_strings"
version = "0.1.0"

[[package]]
name = "edit_distance"
version = "0.1.0"

[[package]]
name = "implement_queue_using_stacks"
version = "0.1.0"

[[package]]
name = "intersection_of_two_arrays"
version = "0.1.0"

[[package]]
name = "jump_game_ii"
version = "0.1.0"

[[package]]
name = "kth_largest"
version = "0.1.0"

[[package]]
name = "longest_palindromic_substring"
version = "0.1.0"

[[package]]
name = "merge_sorted_array"
version = "0.1.0"

[[package]]
name = "non_decreasing_array"
version = "0.1.0"

[[package]]
name = "prefix_and_suffix_search"
version = "0.1.0"

[[package]]
name = "reverse_integer"
version = "0.1.0"

[[package]]
name = "reverse_words_in_a_string_iii"
version = "0.1.0"

[[package]]
name = "running_sum_of_1d_array"
version = "0.1.0"

[[package]]
name = "three_sum"
version = "0.1.0"

[[package]]
name = "two_sum"
version = "0.1.0"
